// !$*UTF8*$!
{
	archiveVersion = 1;
	classes = {
	};
	objectVersion = 46;
	objects = {

/* Begin PBXBuildFile section */
		6BFD90165DCBBAF3641FE85E /* libPods-YCGClock.a in Frameworks */ = {isa = PBXBuildFile; fileRef = C874C3380AB93D4A88DA876E /* libPods-YCGClock.a */; };
		C80C357C21A53CAA0072661C /* AppDelegate.m in Sources */ = {isa = PBXBuildFile; fileRef = C80C357B21A53CAA0072661C /* AppDelegate.m */; };
		C80C358221A53CAA0072661C /* Main.storyboard in Resources */ = {isa = PBXBuildFile; fileRef = C80C358021A53CAA0072661C /* Main.storyboard */; };
		C80C358421A53CAB0072661C /* Assets.xcassets in Resources */ = {isa = PBXBuildFile; fileRef = C80C358321A53CAB0072661C /* Assets.xcassets */; };
		C80C358721A53CAB0072661C /* LaunchScreen.storyboard in Resources */ = {isa = PBXBuildFile; fileRef = C80C358521A53CAB0072661C /* LaunchScreen.storyboard */; };
		C80C358A21A53CAB0072661C /* main.m in Sources */ = {isa = PBXBuildFile; fileRef = C80C358921A53CAB0072661C /* main.m */; };
		C80C359421A53CAB0072661C /* YCGClockTests.m in Sources */ = {isa = PBXBuildFile; fileRef = C80C359321A53CAB0072661C /* YCGClockTests.m */; };
		C80C359F21A53CAB0072661C /* YCGClockUITests.m in Sources */ = {isa = PBXBuildFile; fileRef = C80C359E21A53CAB0072661C /* YCGClockUITests.m */; };
		C80C35B821A6822F0072661C /* BaseViewController.m in Sources */ = {isa = PBXBuildFile; fileRef = C80C35B721A6822F0072661C /* BaseViewController.m */; };
		C80C35BB21A6826B0072661C /* GlobeViewController.m in Sources */ = {isa = PBXBuildFile; fileRef = C80C35BA21A6826B0072661C /* GlobeViewController.m */; };
		C80C35BE21A682810072661C /* AlarmViewController.m in Sources */ = {isa = PBXBuildFile; fileRef = C80C35BD21A682810072661C /* AlarmViewController.m */; };
		C80C35C121A682940072661C /* StopwatchViewController.m in Sources */ = {isa = PBXBuildFile; fileRef = C80C35C021A682940072661C /* StopwatchViewController.m */; };
		C80C35C421A682B00072661C /* TimerViewController.m in Sources */ = {isa = PBXBuildFile; fileRef = C80C35C321A682B00072661C /* TimerViewController.m */; };
		C84B9AAF21B515B60019FB01 /* WorldClockView.m in Sources */ = {isa = PBXBuildFile; fileRef = C84B9AAE21B515B60019FB01 /* WorldClockView.m */; };
		C84B9AB221B909910019FB01 /* WorldClockViewCell.m in Sources */ = {isa = PBXBuildFile; fileRef = C84B9AB121B909910019FB01 /* WorldClockViewCell.m */; };
		C8ADDC0B21B10BE60030E095 /* ClockView.m in Sources */ = {isa = PBXBuildFile; fileRef = C8ADDC0A21B10BE60030E095 /* ClockView.m */; };
		C8ADDC0E21B10E130030E095 /* ClockHandView.m in Sources */ = {isa = PBXBuildFile; fileRef = C8ADDC0D21B10E130030E095 /* ClockHandView.m */; };
		C8ADDC1A21B124820030E095 /* clock_back.png in Resources */ = {isa = PBXBuildFile; fileRef = C8ADDC1021B124820030E095 /* clock_back.png */; };
		C8ADDC1B21B124820030E095 /* clock_mid.png in Resources */ = {isa = PBXBuildFile; fileRef = C8ADDC1121B124820030E095 /* clock_mid.png */; };
		C8ADDC1C21B124820030E095 /* clock_hourHand.png in Resources */ = {isa = PBXBuildFile; fileRef = C8ADDC1221B124820030E095 /* clock_hourHand.png */; };
		C8ADDC1D21B124820030E095 /* clock_hour_3.png in Resources */ = {isa = PBXBuildFile; fileRef = C8ADDC1321B124820030E095 /* clock_hour_3.png */; };
		C8ADDC1E21B124820030E095 /* clock_minuteHand.png in Resources */ = {isa = PBXBuildFile; fileRef = C8ADDC1421B124820030E095 /* clock_minuteHand.png */; };
		C8ADDC1F21B124820030E095 /* clock_hour_12.png in Resources */ = {isa = PBXBuildFile; fileRef = C8ADDC1521B124820030E095 /* clock_hour_12.png */; };
		C8ADDC2021B124820030E095 /* clock_secondHand.png in Resources */ = {isa = PBXBuildFile; fileRef = C8ADDC1621B124820030E095 /* clock_secondHand.png */; };
		C8ADDC2121B124820030E095 /* clock_secondHand_shadow.png in Resources */ = {isa = PBXBuildFile; fileRef = C8ADDC1721B124820030E095 /* clock_secondHand_shadow.png */; };
		C8ADDC2221B124820030E095 /* clock_minuteHand_shadow.png in Resources */ = {isa = PBXBuildFile; fileRef = C8ADDC1821B124820030E095 /* clock_minuteHand_shadow.png */; };
		C8ADDC2321B124820030E095 /* clock_hourHand_shadow.png in Resources */ = {isa = PBXBuildFile; fileRef = C8ADDC1921B124820030E095 /* clock_hourHand_shadow.png */; };
/* End PBXBuildFile section */

/* Begin PBXContainerItemProxy section */
		C80C359021A53CAB0072661C /* PBXContainerItemProxy */ = {
			isa = PBXContainerItemProxy;
			containerPortal = C80C356F21A53CAA0072661C /* Project object */;
			proxyType = 1;
			remoteGlobalIDString = C80C357621A53CAA0072661C;
			remoteInfo = YCGClock;
		};
		C80C359B21A53CAB0072661C /* PBXContainerItemProxy */ = {
			isa = PBXContainerItemProxy;
			containerPortal = C80C356F21A53CAA0072661C /* Project object */;
			proxyType = 1;
			remoteGlobalIDString = C80C357621A53CAA0072661C;
			remoteInfo = YCGClock;
		};
/* End PBXContainerItemProxy section */

/* Begin PBXFileReference section */
		0A6527AE702EC248F4814F98 /* Pods-YCGClock.debug.xcconfig */ = {isa = PBXFileReference; includeInIndex = 1; lastKnownFileType = text.xcconfig; name = "Pods-YCGClock.debug.xcconfig"; path = "Pods/Target Support Files/Pods-YCGClock/Pods-YCGClock.debug.xcconfig"; sourceTree = "<group>"; };
		4FCF9E0BDD9ACCD102A10FA4 /* Pods-YCGClock.release.xcconfig */ = {isa = PBXFileReference; includeInIndex = 1; lastKnownFileType = text.xcconfig; name = "Pods-YCGClock.release.xcconfig"; path = "Pods/Target Support Files/Pods-YCGClock/Pods-YCGClock.release.xcconfig"; sourceTree = "<group>"; };
		C80C357721A53CAA0072661C /* YCGClock.app */ = {isa = PBXFileReference; explicitFileType = wrapper.application; includeInIndex = 0; path = YCGClock.app; sourceTree = BUILT_PRODUCTS_DIR; };
		C80C357A21A53CAA0072661C /* AppDelegate.h */ = {isa = PBXFileReference; lastKnownFileType = sourcecode.c.h; path = AppDelegate.h; sourceTree = "<group>"; };
		C80C357B21A53CAA0072661C /* AppDelegate.m */ = {isa = PBXFileReference; lastKnownFileType = sourcecode.c.objc; path = AppDelegate.m; sourceTree = "<group>"; };
		C80C358121A53CAA0072661C /* Base */ = {isa = PBXFileReference; lastKnownFileType = file.storyboard; name = Base; path = Base.lproj/Main.storyboard; sourceTree = "<group>"; };
		C80C358321A53CAB0072661C /* Assets.xcassets */ = {isa = PBXFileReference; lastKnownFileType = folder.assetcatalog; path = Assets.xcassets; sourceTree = "<group>"; };
		C80C358621A53CAB0072661C /* Base */ = {isa = PBXFileReference; lastKnownFileType = file.storyboard; name = Base; path = Base.lproj/LaunchScreen.storyboard; sourceTree = "<group>"; };
		C80C358821A53CAB0072661C /* Info.plist */ = {isa = PBXFileReference; lastKnownFileType = text.plist.xml; path = Info.plist; sourceTree = "<group>"; };
		C80C358921A53CAB0072661C /* main.m */ = {isa = PBXFileReference; lastKnownFileType = sourcecode.c.objc; path = main.m; sourceTree = "<group>"; };
		C80C358F21A53CAB0072661C /* YCGClockTests.xctest */ = {isa = PBXFileReference; explicitFileType = wrapper.cfbundle; includeInIndex = 0; path = YCGClockTests.xctest; sourceTree = BUILT_PRODUCTS_DIR; };
		C80C359321A53CAB0072661C /* YCGClockTests.m */ = {isa = PBXFileReference; lastKnownFileType = sourcecode.c.objc; path = YCGClockTests.m; sourceTree = "<group>"; };
		C80C359521A53CAB0072661C /* Info.plist */ = {isa = PBXFileReference; lastKnownFileType = text.plist.xml; path = Info.plist; sourceTree = "<group>"; };
		C80C359A21A53CAB0072661C /* YCGClockUITests.xctest */ = {isa = PBXFileReference; explicitFileType = wrapper.cfbundle; includeInIndex = 0; path = YCGClockUITests.xctest; sourceTree = BUILT_PRODUCTS_DIR; };
		C80C359E21A53CAB0072661C /* YCGClockUITests.m */ = {isa = PBXFileReference; lastKnownFileType = sourcecode.c.objc; path = YCGClockUITests.m; sourceTree = "<group>"; };
		C80C35A021A53CAB0072661C /* Info.plist */ = {isa = PBXFileReference; lastKnownFileType = text.plist.xml; path = Info.plist; sourceTree = "<group>"; };
		C80C35B021A550430072661C /* PrefixHeader.pch */ = {isa = PBXFileReference; lastKnownFileType = sourcecode.c.h; path = PrefixHeader.pch; sourceTree = "<group>"; };
		C80C35B621A6822F0072661C /* BaseViewController.h */ = {isa = PBXFileReference; lastKnownFileType = sourcecode.c.h; path = BaseViewController.h; sourceTree = "<group>"; };
		C80C35B721A6822F0072661C /* BaseViewController.m */ = {isa = PBXFileReference; lastKnownFileType = sourcecode.c.objc; path = BaseViewController.m; sourceTree = "<group>"; };
		C80C35B921A6826B0072661C /* GlobeViewController.h */ = {isa = PBXFileReference; lastKnownFileType = sourcecode.c.h; path = GlobeViewController.h; sourceTree = "<group>"; };
		C80C35BA21A6826B0072661C /* GlobeViewController.m */ = {isa = PBXFileReference; lastKnownFileType = sourcecode.c.objc; path = GlobeViewController.m; sourceTree = "<group>"; };
		C80C35BC21A682810072661C /* AlarmViewController.h */ = {isa = PBXFileReference; lastKnownFileType = sourcecode.c.h; path = AlarmViewController.h; sourceTree = "<group>"; };
		C80C35BD21A682810072661C /* AlarmViewController.m */ = {isa = PBXFileReference; lastKnownFileType = sourcecode.c.objc; path = AlarmViewController.m; sourceTree = "<group>"; };
		C80C35BF21A682940072661C /* StopwatchViewController.h */ = {isa = PBXFileReference; lastKnownFileType = sourcecode.c.h; path = StopwatchViewController.h; sourceTree = "<group>"; };
		C80C35C021A682940072661C /* StopwatchViewController.m */ = {isa = PBXFileReference; lastKnownFileType = sourcecode.c.objc; path = StopwatchViewController.m; sourceTree = "<group>"; };
		C80C35C221A682B00072661C /* TimerViewController.h */ = {isa = PBXFileReference; lastKnownFileType = sourcecode.c.h; path = TimerViewController.h; sourceTree = "<group>"; };
		C80C35C321A682B00072661C /* TimerViewController.m */ = {isa = PBXFileReference; lastKnownFileType = sourcecode.c.objc; path = TimerViewController.m; sourceTree = "<group>"; };
		C84B9AAC21B50BE90019FB01 /* MacroDefinition.h */ = {isa = PBXFileReference; lastKnownFileType = sourcecode.c.h; path = MacroDefinition.h; sourceTree = "<group>"; };
		C84B9AAD21B515B60019FB01 /* WorldClockView.h */ = {isa = PBXFileReference; lastKnownFileType = sourcecode.c.h; path = WorldClockView.h; sourceTree = "<group>"; };
		C84B9AAE21B515B60019FB01 /* WorldClockView.m */ = {isa = PBXFileReference; lastKnownFileType = sourcecode.c.objc; path = WorldClockView.m; sourceTree = "<group>"; };
		C84B9AB121B909910019FB01 /* WorldClockViewCell.m */ = {isa = PBXFileReference; lastKnownFileType = sourcecode.c.objc; path = WorldClockViewCell.m; sourceTree = "<group>"; };
		C84B9AB321B90A250019FB01 /* WorldClockViewCell.h */ = {isa = PBXFileReference; fileEncoding = 4; lastKnownFileType = sourcecode.c.h; path = WorldClockViewCell.h; sourceTree = "<group>"; };
		C874C3380AB93D4A88DA876E /* libPods-YCGClock.a */ = {isa = PBXFileReference; explicitFileType = archive.ar; includeInIndex = 0; path = "libPods-YCGClock.a"; sourceTree = BUILT_PRODUCTS_DIR; };
		C8ADDC0921B10BE60030E095 /* ClockView.h */ = {isa = PBXFileReference; lastKnownFileType = sourcecode.c.h; path = ClockView.h; sourceTree = "<group>"; };
		C8ADDC0A21B10BE60030E095 /* ClockView.m */ = {isa = PBXFileReference; lastKnownFileType = sourcecode.c.objc; path = ClockView.m; sourceTree = "<group>"; };
		C8ADDC0C21B10E130030E095 /* ClockHandView.h */ = {isa = PBXFileReference; lastKnownFileType = sourcecode.c.h; path = ClockHandView.h; sourceTree = "<group>"; };
		C8ADDC0D21B10E130030E095 /* ClockHandView.m */ = {isa = PBXFileReference; lastKnownFileType = sourcecode.c.objc; path = ClockHandView.m; sourceTree = "<group>"; };
		C8ADDC1021B124820030E095 /* clock_back.png */ = {isa = PBXFileReference; lastKnownFileType = image.png; path = clock_back.png; sourceTree = "<group>"; };
		C8ADDC1121B124820030E095 /* clock_mid.png */ = {isa = PBXFileReference; lastKnownFileType = image.png; path = clock_mid.png; sourceTree = "<group>"; };
		C8ADDC1221B124820030E095 /* clock_hourHand.png */ = {isa = PBXFileReference; lastKnownFileType = image.png; path = clock_hourHand.png; sourceTree = "<group>"; };
		C8ADDC1321B124820030E095 /* clock_hour_3.png */ = {isa = PBXFileReference; lastKnownFileType = image.png; path = clock_hour_3.png; sourceTree = "<group>"; };
		C8ADDC1421B124820030E095 /* clock_minuteHand.png */ = {isa = PBXFileReference; lastKnownFileType = image.png; path = clock_minuteHand.png; sourceTree = "<group>"; };
		C8ADDC1521B124820030E095 /* clock_hour_12.png */ = {isa = PBXFileReference; lastKnownFileType = image.png; path = clock_hour_12.png; sourceTree = "<group>"; };
		C8ADDC1621B124820030E095 /* clock_secondHand.png */ = {isa = PBXFileReference; lastKnownFileType = image.png; path = clock_secondHand.png; sourceTree = "<group>"; };
		C8ADDC1721B124820030E095 /* clock_secondHand_shadow.png */ = {isa = PBXFileReference; lastKnownFileType = image.png; path = clock_secondHand_shadow.png; sourceTree = "<group>"; };
		C8ADDC1821B124820030E095 /* clock_minuteHand_shadow.png */ = {isa = PBXFileReference; lastKnownFileType = image.png; path = clock_minuteHand_shadow.png; sourceTree = "<group>"; };
		C8ADDC1921B124820030E095 /* clock_hourHand_shadow.png */ = {isa = PBXFileReference; lastKnownFileType = image.png; path = clock_hourHand_shadow.png; sourceTree = "<group>"; };
/* End PBXFileReference section */

/* Begin PBXFrameworksBuildPhase section */
		C80C357421A53CAA0072661C /* Frameworks */ = {
			isa = PBXFrameworksBuildPhase;
			buildActionMask = 2147483647;
			files = (
				6BFD90165DCBBAF3641FE85E /* libPods-YCGClock.a in Frameworks */,
			);
			runOnlyForDeploymentPostprocessing = 0;
		};
		C80C358C21A53CAB0072661C /* Frameworks */ = {
			isa = PBXFrameworksBuildPhase;
			buildActionMask = 2147483647;
			files = (
			);
			runOnlyForDeploymentPostprocessing = 0;
		};
		C80C359721A53CAB0072661C /* Frameworks */ = {
			isa = PBXFrameworksBuildPhase;
			buildActionMask = 2147483647;
			files = (
			);
			runOnlyForDeploymentPostprocessing = 0;
		};
/* End PBXFrameworksBuildPhase section */

/* Begin PBXGroup section */
		C80C356E21A53CAA0072661C = {
			isa = PBXGroup;
			children = (
				C80C357921A53CAA0072661C /* YCGClock */,
				C80C359221A53CAB0072661C /* YCGClockTests */,
				C80C359D21A53CAB0072661C /* YCGClockUITests */,
				C80C357821A53CAA0072661C /* Products */,
				F4899D82A4E10F8889CA77A1 /* Pods */,
				F736BACDC96677945EF6BC3A /* Frameworks */,
			);
			sourceTree = "<group>";
		};
		C80C357821A53CAA0072661C /* Products */ = {
			isa = PBXGroup;
			children = (
				C80C357721A53CAA0072661C /* YCGClock.app */,
				C80C358F21A53CAB0072661C /* YCGClockTests.xctest */,
				C80C359A21A53CAB0072661C /* YCGClockUITests.xctest */,
			);
			name = Products;
			sourceTree = "<group>";
		};
		C80C357921A53CAA0072661C /* YCGClock */ = {
			isa = PBXGroup;
			children = (
				C80C35AE21A54E830072661C /* Resources */,
				C80C35AD21A54E6F0072661C /* Utils */,
				C80C35AC21A54E060072661C /* Supporting Files */,
				C80C35AF21A54EB90072661C /* ViewController */,
				C80C357A21A53CAA0072661C /* AppDelegate.h */,
				C80C357B21A53CAA0072661C /* AppDelegate.m */,
				C80C358021A53CAA0072661C /* Main.storyboard */,
				C80C358321A53CAB0072661C /* Assets.xcassets */,
				C80C358521A53CAB0072661C /* LaunchScreen.storyboard */,
				C80C35B021A550430072661C /* PrefixHeader.pch */,
				C84B9AAC21B50BE90019FB01 /* MacroDefinition.h */,
			);
			path = YCGClock;
			sourceTree = "<group>";
		};
		C80C359221A53CAB0072661C /* YCGClockTests */ = {
			isa = PBXGroup;
			children = (
				C80C359321A53CAB0072661C /* YCGClockTests.m */,
				C80C359521A53CAB0072661C /* Info.plist */,
			);
			path = YCGClockTests;
			sourceTree = "<group>";
		};
		C80C359D21A53CAB0072661C /* YCGClockUITests */ = {
			isa = PBXGroup;
			children = (
				C80C359E21A53CAB0072661C /* YCGClockUITests.m */,
				C80C35A021A53CAB0072661C /* Info.plist */,
			);
			path = YCGClockUITests;
			sourceTree = "<group>";
		};
		C80C35AC21A54E060072661C /* Supporting Files */ = {
			isa = PBXGroup;
			children = (
				C80C358821A53CAB0072661C /* Info.plist */,
				C80C358921A53CAB0072661C /* main.m */,
			);
			path = "Supporting Files";
			sourceTree = "<group>";
		};
		C80C35AD21A54E6F0072661C /* Utils */ = {
			isa = PBXGroup;
			children = (
			);
			path = Utils;
			sourceTree = "<group>";
		};
		C80C35AE21A54E830072661C /* Resources */ = {
			isa = PBXGroup;
			children = (
				C8ADDC0F21B124820030E095 /* ClockImage */,
			);
			path = Resources;
			sourceTree = "<group>";
		};
		C80C35AF21A54EB90072661C /* ViewController */ = {
			isa = PBXGroup;
			children = (
				C80C35B521A557010072661C /* Base */,
				C80C35B421A551CC0072661C /* Timer */,
				C80C35B321A551AF0072661C /* Stopwatch */,
				C80C35B221A5519F0072661C /* Alarm */,
				C80C35B121A5517F0072661C /* Globe */,
			);
			path = ViewController;
			sourceTree = "<group>";
		};
		C80C35B121A5517F0072661C /* Globe */ = {
			isa = PBXGroup;
			children = (
				C80C35B921A6826B0072661C /* GlobeViewController.h */,
				C80C35BA21A6826B0072661C /* GlobeViewController.m */,
				C8ADDC0921B10BE60030E095 /* ClockView.h */,
				C8ADDC0A21B10BE60030E095 /* ClockView.m */,
				C8ADDC0C21B10E130030E095 /* ClockHandView.h */,
				C8ADDC0D21B10E130030E095 /* ClockHandView.m */,
				C84B9AAD21B515B60019FB01 /* WorldClockView.h */,
				C84B9AAE21B515B60019FB01 /* WorldClockView.m */,
				C84B9AB321B90A250019FB01 /* WorldClockViewCell.h */,
				C84B9AB121B909910019FB01 /* WorldClockViewCell.m */,
			);
			path = Globe;
			sourceTree = "<group>";
		};
		C80C35B221A5519F0072661C /* Alarm */ = {
			isa = PBXGroup;
			children = (
				C80C35BC21A682810072661C /* AlarmViewController.h */,
				C80C35BD21A682810072661C /* AlarmViewController.m */,
			);
			path = Alarm;
			sourceTree = "<group>";
		};
		C80C35B321A551AF0072661C /* Stopwatch */ = {
			isa = PBXGroup;
			children = (
				C80C35BF21A682940072661C /* StopwatchViewController.h */,
				C80C35C021A682940072661C /* StopwatchViewController.m */,
			);
			path = Stopwatch;
			sourceTree = "<group>";
		};
		C80C35B421A551CC0072661C /* Timer */ = {
			isa = PBXGroup;
			children = (
				C80C35C221A682B00072661C /* TimerViewController.h */,
				C80C35C321A682B00072661C /* TimerViewController.m */,
			);
			path = Timer;
			sourceTree = "<group>";
		};
		C80C35B521A557010072661C /* Base */ = {
			isa = PBXGroup;
			children = (
				C80C35B621A6822F0072661C /* BaseViewController.h */,
				C80C35B721A6822F0072661C /* BaseViewController.m */,
			);
			path = Base;
			sourceTree = "<group>";
		};
		C8ADDC0F21B124820030E095 /* ClockImage */ = {
			isa = PBXGroup;
			children = (
				C8ADDC1021B124820030E095 /* clock_back.png */,
				C8ADDC1121B124820030E095 /* clock_mid.png */,
				C8ADDC1221B124820030E095 /* clock_hourHand.png */,
				C8ADDC1321B124820030E095 /* clock_hour_3.png */,
				C8ADDC1421B124820030E095 /* clock_minuteHand.png */,
				C8ADDC1521B124820030E095 /* clock_hour_12.png */,
				C8ADDC1621B124820030E095 /* clock_secondHand.png */,
				C8ADDC1721B124820030E095 /* clock_secondHand_shadow.png */,
				C8ADDC1821B124820030E095 /* clock_minuteHand_shadow.png */,
				C8ADDC1921B124820030E095 /* clock_hourHand_shadow.png */,
			);
			path = ClockImage;
			sourceTree = "<group>";
		};
		F4899D82A4E10F8889CA77A1 /* Pods */ = {
			isa = PBXGroup;
			children = (
				0A6527AE702EC248F4814F98 /* Pods-YCGClock.debug.xcconfig */,
				4FCF9E0BDD9ACCD102A10FA4 /* Pods-YCGClock.release.xcconfig */,
			);
			name = Pods;
			sourceTree = "<group>";
		};
		F736BACDC96677945EF6BC3A /* Frameworks */ = {
			isa = PBXGroup;
			children = (
				C874C3380AB93D4A88DA876E /* libPods-YCGClock.a */,
			);
			name = Frameworks;
			sourceTree = "<group>";
		};
/* End PBXGroup section */

/* Begin PBXNativeTarget section */
		C80C357621A53CAA0072661C /* YCGClock */ = {
			isa = PBXNativeTarget;
			buildConfigurationList = C80C35A321A53CAB0072661C /* Build configuration list for PBXNativeTarget "YCGClock" */;
			buildPhases = (
				18EFF00F3A3EC3D77D455AA3 /* [CP] Check Pods Manifest.lock */,
				C80C357321A53CAA0072661C /* Sources */,
				C80C357421A53CAA0072661C /* Frameworks */,
				C80C357521A53CAA0072661C /* Resources */,
				A3543CE0F1B6A0E24A8F8477 /* [CP] Embed Pods Frameworks */,
				1644E39AF9813D8650299691 /* [CP] Copy Pods Resources */,
			);
			buildRules = (
			);
			dependencies = (
			);
			name = YCGClock;
			productName = YCGClock;
			productReference = C80C357721A53CAA0072661C /* YCGClock.app */;
			productType = "com.apple.product-type.application";
		};
		C80C358E21A53CAB0072661C /* YCGClockTests */ = {
			isa = PBXNativeTarget;
			buildConfigurationList = C80C35A621A53CAB0072661C /* Build configuration list for PBXNativeTarget "YCGClockTests" */;
			buildPhases = (
				C80C358B21A53CAB0072661C /* Sources */,
				C80C358C21A53CAB0072661C /* Frameworks */,
				C80C358D21A53CAB0072661C /* Resources */,
			);
			buildRules = (
			);
			dependencies = (
				C80C359121A53CAB0072661C /* PBXTargetDependency */,
			);
			name = YCGClockTests;
			productName = YCGClockTests;
			productReference = C80C358F21A53CAB0072661C /* YCGClockTests.xctest */;
			productType = "com.apple.product-type.bundle.unit-test";
		};
		C80C359921A53CAB0072661C /* YCGClockUITests */ = {
			isa = PBXNativeTarget;
			buildConfigurationList = C80C35A921A53CAB0072661C /* Build configuration list for PBXNativeTarget "YCGClockUITests" */;
			buildPhases = (
				C80C359621A53CAB0072661C /* Sources */,
				C80C359721A53CAB0072661C /* Frameworks */,
				C80C359821A53CAB0072661C /* Resources */,
			);
			buildRules = (
			);
			dependencies = (
				C80C359C21A53CAB0072661C /* PBXTargetDependency */,
			);
			name = YCGClockUITests;
			productName = YCGClockUITests;
			productReference = C80C359A21A53CAB0072661C /* YCGClockUITests.xctest */;
			productType = "com.apple.product-type.bundle.ui-testing";
		};
/* End PBXNativeTarget section */

/* Begin PBXProject section */
		C80C356F21A53CAA0072661C /* Project object */ = {
			isa = PBXProject;
			attributes = {
				LastUpgradeCheck = 1010;
				ORGANIZATIONNAME = com.yangcg.learn.Clock;
				TargetAttributes = {
					C80C357621A53CAA0072661C = {
						CreatedOnToolsVersion = 10.1;
						DevelopmentTeam = S5835VE7S9;
						ProvisioningStyle = Automatic;
					};
					C80C358E21A53CAB0072661C = {
						CreatedOnToolsVersion = 10.1;
						DevelopmentTeam = S5835VE7S9;
						ProvisioningStyle = Automatic;
						TestTargetID = C80C357621A53CAA0072661C;
					};
					C80C359921A53CAB0072661C = {
						CreatedOnToolsVersion = 10.1;
						DevelopmentTeam = S5835VE7S9;
						ProvisioningStyle = Automatic;
						TestTargetID = C80C357621A53CAA0072661C;
					};
				};
			};
			buildConfigurationList = C80C357221A53CAA0072661C /* Build configuration list for PBXProject "YCGClock" */;
			compatibilityVersion = "Xcode 3.2";
			developmentRegion = en;
			hasScannedForEncodings = 0;
			knownRegions = (
				en,
				Base,
			);
			mainGroup = C80C356E21A53CAA0072661C;
			productRefGroup = C80C357821A53CAA0072661C /* Products */;
			projectDirPath = "";
			projectRoot = "";
			targets = (
				C80C357621A53CAA0072661C /* YCGClock */,
				C80C358E21A53CAB0072661C /* YCGClockTests */,
				C80C359921A53CAB0072661C /* YCGClockUITests */,
			);
		};
/* End PBXProject section */

/* Begin PBXResourcesBuildPhase section */
		C80C357521A53CAA0072661C /* Resources */ = {
			isa = PBXResourcesBuildPhase;
			buildActionMask = 2147483647;
			files = (
				C80C358721A53CAB0072661C /* LaunchScreen.storyboard in Resources */,
				C8ADDC2321B124820030E095 /* clock_hourHand_shadow.png in Resources */,
				C8ADDC1F21B124820030E095 /* clock_hour_12.png in Resources */,
				C8ADDC1A21B124820030E095 /* clock_back.png in Resources */,
				C8ADDC2221B124820030E095 /* clock_minuteHand_shadow.png in Resources */,
				C80C358421A53CAB0072661C /* Assets.xcassets in Resources */,
				C8ADDC1C21B124820030E095 /* clock_hourHand.png in Resources */,
				C80C358221A53CAA0072661C /* Main.storyboard in Resources */,
				C8ADDC2121B124820030E095 /* clock_secondHand_shadow.png in Resources */,
				C8ADDC1B21B124820030E095 /* clock_mid.png in Resources */,
				C8ADDC2021B124820030E095 /* clock_secondHand.png in Resources */,
				C8ADDC1D21B124820030E095 /* clock_hour_3.png in Resources */,
				C8ADDC1E21B124820030E095 /* clock_minuteHand.png in Resources */,
			);
			runOnlyForDeploymentPostprocessing = 0;
		};
		C80C358D21A53CAB0072661C /* Resources */ = {
			isa = PBXResourcesBuildPhase;
			buildActionMask = 2147483647;
			files = (
			);
			runOnlyForDeploymentPostprocessing = 0;
		};
		C80C359821A53CAB0072661C /* Resources */ = {
			isa = PBXResourcesBuildPhase;
			buildActionMask = 2147483647;
			files = (
			);
			runOnlyForDeploymentPostprocessing = 0;
		};
/* End PBXResourcesBuildPhase section */

/* Begin PBXShellScriptBuildPhase section */
		1644E39AF9813D8650299691 /* [CP] Copy Pods Resources */ = {
			isa = PBXShellScriptBuildPhase;
			buildActionMask = 2147483647;
			files = (
			);
			inputPaths = (
			);
			name = "[CP] Copy Pods Resources";
			outputPaths = (
			);
			runOnlyForDeploymentPostprocessing = 0;
			shellPath = /bin/sh;
			shellScript = "\"${SRCROOT}/Pods/Target Support Files/Pods-YCGClock/Pods-YCGClock-resources.sh\"\n";
			showEnvVarsInLog = 0;
		};
		18EFF00F3A3EC3D77D455AA3 /* [CP] Check Pods Manifest.lock */ = {
			isa = PBXShellScriptBuildPhase;
			buildActionMask = 2147483647;
			files = (
			);
			inputPaths = (
				"${PODS_PODFILE_DIR_PATH}/Podfile.lock",
				"${PODS_ROOT}/Manifest.lock",
			);
			name = "[CP] Check Pods Manifest.lock";
			outputPaths = (
				"$(DERIVED_FILE_DIR)/Pods-YCGClock-checkManifestLockResult.txt",
			);
			runOnlyForDeploymentPostprocessing = 0;
			shellPath = /bin/sh;
			shellScript = "diff \"${PODS_PODFILE_DIR_PATH}/Podfile.lock\" \"${PODS_ROOT}/Manifest.lock\" > /dev/null\nif [ $? != 0 ] ; then\n    # print error to STDERR\n    echo \"error: The sandbox is not in sync with the Podfile.lock. Run 'pod install' or update your CocoaPods installation.\" >&2\n    exit 1\nfi\n# This output is used by Xcode 'outputs' to avoid re-running this script phase.\necho \"SUCCESS\" > \"${SCRIPT_OUTPUT_FILE_0}\"\n";
			showEnvVarsInLog = 0;
		};
		A3543CE0F1B6A0E24A8F8477 /* [CP] Embed Pods Frameworks */ = {
			isa = PBXShellScriptBuildPhase;
			buildActionMask = 2147483647;
			files = (
			);
			inputPaths = (
			);
			name = "[CP] Embed Pods Frameworks";
			outputPaths = (
			);
			runOnlyForDeploymentPostprocessing = 0;
			shellPath = /bin/sh;
			shellScript = "\"${SRCROOT}/Pods/Target Support Files/Pods-YCGClock/Pods-YCGClock-frameworks.sh\"\n";
			showEnvVarsInLog = 0;
		};
/* End PBXShellScriptBuildPhase section */

/* Begin PBXSourcesBuildPhase section */
		C80C357321A53CAA0072661C /* Sources */ = {
			isa = PBXSourcesBuildPhase;
			buildActionMask = 2147483647;
			files = (
				C80C35C421A682B00072661C /* TimerViewController.m in Sources */,
				C80C35BE21A682810072661C /* AlarmViewController.m in Sources */,
				C80C35C121A682940072661C /* StopwatchViewController.m in Sources */,
				C84B9AB221B909910019FB01 /* WorldClockViewCell.m in Sources */,
				C80C35B821A6822F0072661C /* BaseViewController.m in Sources */,
				C84B9AAF21B515B60019FB01 /* WorldClockView.m in Sources */,
				C80C35BB21A6826B0072661C /* GlobeViewController.m in Sources */,
				C8ADDC0B21B10BE60030E095 /* ClockView.m in Sources */,
				C80C358A21A53CAB0072661C /* main.m in Sources */,
				C8ADDC0E21B10E130030E095 /* ClockHandView.m in Sources */,
				C80C357C21A53CAA0072661C /* AppDelegate.m in Sources */,
			);
			runOnlyForDeploymentPostprocessing = 0;
		};
		C80C358B21A53CAB0072661C /* Sources */ = {
			isa = PBXSourcesBuildPhase;
			buildActionMask = 2147483647;
			files = (
				C80C359421A53CAB0072661C /* YCGClockTests.m in Sources */,
			);
			runOnlyForDeploymentPostprocessing = 0;
		};
		C80C359621A53CAB0072661C /* Sources */ = {
			isa = PBXSourcesBuildPhase;
			buildActionMask = 2147483647;
			files = (
				C80C359F21A53CAB0072661C /* YCGClockUITests.m in Sources */,
			);
			runOnlyForDeploymentPostprocessing = 0;
		};
/* End PBXSourcesBuildPhase section */

/* Begin PBXTargetDependency section */
		C80C359121A53CAB0072661C /* PBXTargetDependency */ = {
			isa = PBXTargetDependency;
			target = C80C357621A53CAA0072661C /* YCGClock */;
			targetProxy = C80C359021A53CAB0072661C /* PBXContainerItemProxy */;
		};
		C80C359C21A53CAB0072661C /* PBXTargetDependency */ = {
			isa = PBXTargetDependency;
			target = C80C357621A53CAA0072661C /* YCGClock */;
			targetProxy = C80C359B21A53CAB0072661C /* PBXContainerItemProxy */;
		};
/* End PBXTargetDependency section */

/* Begin PBXVariantGroup section */
		C80C358021A53CAA0072661C /* Main.storyboard */ = {
			isa = PBXVariantGroup;
			children = (
				C80C358121A53CAA0072661C /* Base */,
			);
			name = Main.storyboard;
			sourceTree = "<group>";
		};
		C80C358521A53CAB0072661C /* LaunchScreen.storyboard */ = {
			isa = PBXVariantGroup;
			children = (
				C80C358621A53CAB0072661C /* Base */,
			);
			name = LaunchScreen.storyboard;
			sourceTree = "<group>";
		};
/* End PBXVariantGroup section */

/* Begin XCBuildConfiguration section */
		C80C35A121A53CAB0072661C /* Debug */ = {
			isa = XCBuildConfiguration;
			buildSettings = {
				ALWAYS_SEARCH_USER_PATHS = NO;
				CLANG_ANALYZER_NONNULL = YES;
				CLANG_ANALYZER_NUMBER_OBJECT_CONVERSION = YES_AGGRESSIVE;
				CLANG_CXX_LANGUAGE_STANDARD = "gnu++14";
				CLANG_CXX_LIBRARY = "libc++";
				CLANG_ENABLE_MODULES = YES;
				CLANG_ENABLE_OBJC_ARC = YES;
				CLANG_ENABLE_OBJC_WEAK = YES;
				CLANG_WARN_BLOCK_CAPTURE_AUTORELEASING = YES;
				CLANG_WARN_BOOL_CONVERSION = YES;
				CLANG_WARN_COMMA = YES;
				CLANG_WARN_CONSTANT_CONVERSION = YES;
				CLANG_WARN_DEPRECATED_OBJC_IMPLEMENTATIONS = YES;
				CLANG_WARN_DIRECT_OBJC_ISA_USAGE = YES_ERROR;
				CLANG_WARN_DOCUMENTATION_COMMENTS = YES;
				CLANG_WARN_EMPTY_BODY = YES;
				CLANG_WARN_ENUM_CONVERSION = YES;
				CLANG_WARN_INFINITE_RECURSION = YES;
				CLANG_WARN_INT_CONVERSION = YES;
				CLANG_WARN_NON_LITERAL_NULL_CONVERSION = YES;
				CLANG_WARN_OBJC_IMPLICIT_RETAIN_SELF = YES;
				CLANG_WARN_OBJC_LITERAL_CONVERSION = YES;
				CLANG_WARN_OBJC_ROOT_CLASS = YES_ERROR;
				CLANG_WARN_RANGE_LOOP_ANALYSIS = YES;
				CLANG_WARN_STRICT_PROTOTYPES = YES;
				CLANG_WARN_SUSPICIOUS_MOVE = YES;
				CLANG_WARN_UNGUARDED_AVAILABILITY = YES_AGGRESSIVE;
				CLANG_WARN_UNREACHABLE_CODE = YES;
				CLANG_WARN__DUPLICATE_METHOD_MATCH = YES;
				CODE_SIGN_IDENTITY = "iPhone Developer";
				COPY_PHASE_STRIP = NO;
				DEBUG_INFORMATION_FORMAT = dwarf;
				ENABLE_STRICT_OBJC_MSGSEND = YES;
				ENABLE_TESTABILITY = YES;
				GCC_C_LANGUAGE_STANDARD = gnu11;
				GCC_DYNAMIC_NO_PIC = NO;
				GCC_NO_COMMON_BLOCKS = YES;
				GCC_OPTIMIZATION_LEVEL = 0;
				GCC_PREPROCESSOR_DEFINITIONS = (
					"DEBUG=1",
					"$(inherited)",
				);
				GCC_WARN_64_TO_32_BIT_CONVERSION = YES;
				GCC_WARN_ABOUT_RETURN_TYPE = YES_ERROR;
				GCC_WARN_UNDECLARED_SELECTOR = YES;
				GCC_WARN_UNINITIALIZED_AUTOS = YES_AGGRESSIVE;
				GCC_WARN_UNUSED_FUNCTION = YES;
				GCC_WARN_UNUSED_VARIABLE = YES;
				IPHONEOS_DEPLOYMENT_TARGET = 12.1;
				MTL_ENABLE_DEBUG_INFO = INCLUDE_SOURCE;
				MTL_FAST_MATH = YES;
				ONLY_ACTIVE_ARCH = YES;
				SDKROOT = iphoneos;
			};
			name = Debug;
		};
		C80C35A221A53CAB0072661C /* Release */ = {
			isa = XCBuildConfiguration;
			buildSettings = {
				ALWAYS_SEARCH_USER_PATHS = NO;
				CLANG_ANALYZER_NONNULL = YES;
				CLANG_ANALYZER_NUMBER_OBJECT_CONVERSION = YES_AGGRESSIVE;
				CLANG_CXX_LANGUAGE_STANDARD = "gnu++14";
				CLANG_CXX_LIBRARY = "libc++";
				CLANG_ENABLE_MODULES = YES;
				CLANG_ENABLE_OBJC_ARC = YES;
				CLANG_ENABLE_OBJC_WEAK = YES;
				CLANG_WARN_BLOCK_CAPTURE_AUTORELEASING = YES;
				CLANG_WARN_BOOL_CONVERSION = YES;
				CLANG_WARN_COMMA = YES;
				CLANG_WARN_CONSTANT_CONVERSION = YES;
				CLANG_WARN_DEPRECATED_OBJC_IMPLEMENTATIONS = YES;
				CLANG_WARN_DIRECT_OBJC_ISA_USAGE = YES_ERROR;
				CLANG_WARN_DOCUMENTATION_COMMENTS = YES;
				CLANG_WARN_EMPTY_BODY = YES;
				CLANG_WARN_ENUM_CONVERSION = YES;
				CLANG_WARN_INFINITE_RECURSION = YES;
				CLANG_WARN_INT_CONVERSION = YES;
				CLANG_WARN_NON_LITERAL_NULL_CONVERSION = YES;
				CLANG_WARN_OBJC_IMPLICIT_RETAIN_SELF = YES;
				CLANG_WARN_OBJC_LITERAL_CONVERSION = YES;
				CLANG_WARN_OBJC_ROOT_CLASS = YES_ERROR;
				CLANG_WARN_RANGE_LOOP_ANALYSIS = YES;
				CLANG_WARN_STRICT_PROTOTYPES = YES;
				CLANG_WARN_SUSPICIOUS_MOVE = YES;
				CLANG_WARN_UNGUARDED_AVAILABILITY = YES_AGGRESSIVE;
				CLANG_WARN_UNREACHABLE_CODE = YES;
				CLANG_WARN__DUPLICATE_METHOD_MATCH = YES;
				CODE_SIGN_IDENTITY = "iPhone Developer";
				COPY_PHASE_STRIP = NO;
				DEBUG_INFORMATION_FORMAT = "dwarf-with-dsym";
				ENABLE_NS_ASSERTIONS = NO;
				ENABLE_STRICT_OBJC_MSGSEND = YES;
				GCC_C_LANGUAGE_STANDARD = gnu11;
				GCC_NO_COMMON_BLOCKS = YES;
				GCC_WARN_64_TO_32_BIT_CONVERSION = YES;
				GCC_WARN_ABOUT_RETURN_TYPE = YES_ERROR;
				GCC_WARN_UNDECLARED_SELECTOR = YES;
				GCC_WARN_UNINITIALIZED_AUTOS = YES_AGGRESSIVE;
				GCC_WARN_UNUSED_FUNCTION = YES;
				GCC_WARN_UNUSED_VARIABLE = YES;
				IPHONEOS_DEPLOYMENT_TARGET = 12.1;
				MTL_ENABLE_DEBUG_INFO = NO;
				MTL_FAST_MATH = YES;
				SDKROOT = iphoneos;
				VALIDATE_PRODUCT = YES;
			};
			name = Release;
		};
		C80C35A421A53CAB0072661C /* Debug */ = {
			isa = XCBuildConfiguration;
			baseConfigurationReference = 0A6527AE702EC248F4814F98 /* Pods-YCGClock.debug.xcconfig */;
			buildSettings = {
				ASSETCATALOG_COMPILER_APPICON_NAME = AppIcon;
				CODE_SIGN_STYLE = Automatic;
				DEVELOPMENT_TEAM = S5835VE7S9;
				GCC_PRECOMPILE_PREFIX_HEADER = YES;
				GCC_PREFIX_HEADER = "$(SRCROOT)/YCGClock/PrefixHeader.pch";
				INFOPLIST_FILE = "YCGClock/Supporting Files/Info.plist";
				IPHONEOS_DEPLOYMENT_TARGET = 9.0;
				LD_RUNPATH_SEARCH_PATHS = "$(inherited) @executable_path/Frameworks";
				PRODUCT_BUNDLE_IDENTIFIER = com.yangcg.learn.YCGClock;
				PRODUCT_NAME = "$(TARGET_NAME)";
				TARGETED_DEVICE_FAMILY = "1,2";
			};
			name = Debug;
		};
		C80C35A521A53CAB0072661C /* Release */ = {
			isa = XCBuildConfiguration;
			baseConfigurationReference = 4FCF9E0BDD9ACCD102A10FA4 /* Pods-YCGClock.release.xcconfig */;
			buildSettings = {
				ASSETCATALOG_COMPILER_APPICON_NAME = AppIcon;
				CODE_SIGN_STYLE = Automatic;
				DEVELOPMENT_TEAM = S5835VE7S9;
				GCC_PRECOMPILE_PREFIX_HEADER = YES;
				GCC_PREFIX_HEADER = "$(SRCROOT)/YCGClock/PrefixHeader.pch";
				INFOPLIST_FILE = "YCGClock/Supporting Files/Info.plist";
				IPHONEOS_DEPLOYMENT_TARGET = 9.0;
				LD_RUNPATH_SEARCH_PATHS = "$(inherited) @executable_path/Frameworks";
				PRODUCT_BUNDLE_IDENTIFIER = com.yangcg.learn.YCGClock;
				PRODUCT_NAME = "$(TARGET_NAME)";
				TARGETED_DEVICE_FAMILY = "1,2";
			};
			name = Release;
		};
		C80C35A721A53CAB0072661C /* Debug */ = {
			isa = XCBuildConfiguration;
			buildSettings = {
				BUNDLE_LOADER = "$(TEST_HOST)";
				CODE_SIGN_STYLE = Automatic;
				DEVELOPMENT_TEAM = S5835VE7S9;
				INFOPLIST_FILE = YCGClockTests/Info.plist;
				LD_RUNPATH_SEARCH_PATHS = "$(inherited) @executable_path/Frameworks @loader_path/Frameworks";
				PRODUCT_BUNDLE_IDENTIFIER = com.yangcg.learn.YCGClockTests;
				PRODUCT_NAME = "$(TARGET_NAME)";
				TARGETED_DEVICE_FAMILY = "1,2";
				TEST_HOST = "$(BUILT_PRODUCTS_DIR)/YCGClock.app/YCGClock";
			};
			name = Debug;
		};
		C80C35A821A53CAB0072661C /* Release */ = {
			isa = XCBuildConfiguration;
			buildSettings = {
				BUNDLE_LOADER = "$(TEST_HOST)";
				CODE_SIGN_STYLE = Automatic;
				DEVELOPMENT_TEAM = S5835VE7S9;
				INFOPLIST_FILE = YCGClockTests/Info.plist;
				LD_RUNPATH_SEARCH_PATHS = "$(inherited) @executable_path/Frameworks @loader_path/Frameworks";
				PRODUCT_BUNDLE_IDENTIFIER = com.yangcg.learn.YCGClockTests;
				PRODUCT_NAME = "$(TARGET_NAME)";
				TARGETED_DEVICE_FAMILY = "1,2";
				TEST_HOST = "$(BUILT_PRODUCTS_DIR)/YCGClock.app/YCGClock";
			};
			name = Release;
		};
		C80C35AA21A53CAB0072661C /* Debug */ = {
			isa = XCBuildConfiguration;
			buildSettings = {
				CODE_SIGN_STYLE = Automatic;
				DEVELOPMENT_TEAM = S5835VE7S9;
				INFOPLIST_FILE = YCGClockUITests/Info.plist;
				LD_RUNPATH_SEARCH_PATHS = "$(inherited) @executable_path/Frameworks @loader_path/Frameworks";
				PRODUCT_BUNDLE_IDENTIFIER = com.yangcg.learn.YCGClockUITests;
				PRODUCT_NAME = "$(TARGET_NAME)";
				TARGETED_DEVICE_FAMILY = "1,2";
				TEST_TARGET_NAME = YCGClock;
			};
			name = Debug;
		};
		C80C35AB21A53CAB0072661C /* Release */ = {
			isa = XCBuildConfiguration;
			buildSettings = {
				CODE_SIGN_STYLE = Automatic;
				DEVELOPMENT_TEAM = S5835VE7S9;
				INFOPLIST_FILE = YCGClockUITests/Info.plist;
				LD_RUNPATH_SEARCH_PATHS = "$(inherited) @executable_path/Frameworks @loader_path/Frameworks";
				PRODUCT_BUNDLE_IDENTIFIER = com.yangcg.learn.YCGClockUITests;
				PRODUCT_NAME = "$(TARGET_NAME)";
				TARGETED_DEVICE_FAMILY = "1,2";
				TEST_TARGET_NAME = YCGClock;
			};
			name = Release;
		};
/* End XCBuildConfiguration section */

/* Begin XCConfigurationList section */
		C80C357221A53CAA0072661C /* Build configuration list for PBXProject "YCGClock" */ = {
			isa = XCConfigurationList;
			buildConfigurations = (
				C80C35A121A53CAB0072661C /* Debug */,
				C80C35A221A53CAB0072661C /* Release */,
			);
			defaultConfigurationIsVisible = 0;
			defaultConfigurationName = Release;
		};
		C80C35A321A53CAB0072661C /* Build configuration list for PBXNativeTarget "YCGClock" */ = {
			isa = XCConfigurationList;
			buildConfigurations = (
				C80C35A421A53CAB0072661C /* Debug */,
				C80C35A521A53CAB0072661C /* Release */,
			);
			defaultConfigurationIsVisible = 0;
			defaultConfigurationName = Release;
		};
		C80C35A621A53CAB0072661C /* Build configuration list for PBXNativeTarget "YCGClockTests" */ = {
			isa = XCConfigurationList;
			buildConfigurations = (
				C80C35A721A53CAB0072661C /* Debug */,
				C80C35A821A53CAB0072661C /* Release */,
			);
			defaultConfigurationIsVisible = 0;
			defaultConfigurationName = Release;
		};
		C80C35A921A53CAB0072661C /* Build configuration list for PBXNativeTarget "YCGClockUITests" */ = {
			isa = XCConfigurationList;
			buildConfigurations = (
				C80C35AA21A53CAB0072661C /* Debug */,
				C80C35AB21A53CAB0072661C /* Release */,
			);
			defaultConfigurationIsVisible = 0;
			defaultConfigurationName = Release;
		};
/* End XCConfigurationList section */
	};
	rootObject = C80C356F21A53CAA0072661C /* Project object */;
}
